
Microsoft Visual Studio Solution File, Format Version 12.00
# Visual Studio Version 16
VisualStudioVersion = 16.0.30503.244
MinimumVisualStudioVersion = 10.0.40219.1
Project("{FAE04EC0-301F-11D3-BF4B-00C04F79EFBC}") = "Cinema", "Cinema\Cinema.csproj", "{3EEE9464-9070-4170-89D6-06777E252A6F}"
EndProject
Project("{9A19103F-16F7-4668-BE54-9A1E7A4F7556}") = "ScriptsContent", "ScriptContents\ScriptsContent.csproj", "{C7E6537D-F149-42C7-9611-2FC6853F317A}"
EndProject
Project("{FAE04EC0-301F-11D3-BF4B-00C04F79EFBC}") = "CinemaAdmin", "CinemaAdmin\CinemaAdmin.csproj", "{D053B5CF-0F39-4352-BC64-42AF6C67391E}"
EndProject
Global
	GlobalSection(SolutionConfigurationPlatforms) = preSolution
		Debug|Any CPU = Debug|Any CPU
		Release|Any CPU = Release|Any CPU
	EndGlobalSection
	GlobalSection(ProjectConfigurationPlatforms) = postSolution
		{3EEE9464-9070-4170-89D6-06777E252A6F}.Debug|Any CPU.ActiveCfg = Debug|Any CPU
		{3EEE9464-9070-4170-89D6-06777E252A6F}.Debug|Any CPU.Build.0 = Debug|Any CPU
		{3EEE9464-9070-4170-89D6-06777E252A6F}.Release|Any CPU.ActiveCfg = Release|Any CPU
		{3EEE9464-9070-4170-89D6-06777E252A6F}.Release|Any CPU.Build.0 = Release|Any CPU
		{C7E6537D-F149-42C7-9611-2FC6853F317A}.Debug|Any CPU.ActiveCfg = Debug|Any CPU
		{C7E6537D-F149-42C7-9611-2FC6853F317A}.Debug|Any CPU.Build.0 = Debug|Any CPU
		{C7E6537D-F149-42C7-9611-2FC6853F317A}.Release|Any CPU.ActiveCfg = Release|Any CPU
		{C7E6537D-F149-42C7-9611-2FC6853F317A}.Release|Any CPU.Build.0 = Release|Any CPU
		{D053B5CF-0F39-4352-BC64-42AF6C67391E}.Debug|Any CPU.ActiveCfg = Debug|Any CPU
		{D053B5CF-0F39-4352-BC64-42AF6C67391E}.Debug|Any CPU.Build.0 = Debug|Any CPU
		{D053B5CF-0F39-4352-BC64-42AF6C67391E}.Release|Any CPU.ActiveCfg = Release|Any CPU
		{D053B5CF-0F39-4352-BC64-42AF6C67391E}.Release|Any CPU.Build.0 = Release|Any CPU
	EndGlobalSection
	GlobalSection(SolutionProperties) = preSolution
		HideSolutionNode = FALSE
	EndGlobalSection
	GlobalSection(ExtensibilityGlobals) = postSolution
		SolutionGuid = {95D5C5F2-2E24-434C-8DC6-089856A69B0A}
	EndGlobalSection
EndGlobal
